
Microsoft Visual Studio Solution File, Format Version 12.00
# Visual Studio 15
VisualStudioVersion = 15.0.28307.852
MinimumVisualStudioVersion = 10.0.40219.1
Project("{FAE04EC0-301F-11D3-BF4B-00C04F79EFBC}") = "ExemploExcel", "ExemploExcel\ExemploExcel.csproj", "{199015EB-2E5E-4328-B4CE-A540FBE8B8C0}"
EndProject
Global
	GlobalSection(SolutionConfigurationPlatforms) = preSolution
		Debug|Any CPU = Debug|Any CPU
		Release|Any CPU = Release|Any CPU
	EndGlobalSection
	GlobalSection(ProjectConfigurationPlatforms) = postSolution
		{199015EB-2E5E-4328-B4CE-A540FBE8B8C0}.Debug|Any CPU.ActiveCfg = Debug|Any CPU
		{199015EB-2E5E-4328-B4CE-A540FBE8B8C0}.Debug|Any CPU.Build.0 = Debug|Any CPU
		{199015EB-2E5E-4328-B4CE-A540FBE8B8C0}.Release|Any CPU.ActiveCfg = Release|Any CPU
		{199015EB-2E5E-4328-B4CE-A540FBE8B8C0}.Release|Any CPU.Build.0 = Release|Any CPU
	EndGlobalSection
	GlobalSection(SolutionProperties) = preSolution
		HideSolutionNode = FALSE
	EndGlobalSection
	GlobalSection(ExtensibilityGlobals) = postSolution
		SolutionGuid = {D5798042-6BE4-44A1-89DC-07A3D5427471}
	EndGlobalSection
EndGlobal
